
Microsoft Visual Studio Solution File, Format Version 12.00
# Visual Studio Version 17
VisualStudioVersion = 17.4.33110.190
MinimumVisualStudioVersion = 10.0.40219.1
Project("{FAE04EC0-301F-11D3-BF4B-00C04F79EFBC}") = "TestApp", "TestApp\TestApp.csproj", "{9AA9200E-8932-4DAE-A512-E975B2BEDBDC}"
EndProject
Project("{FAE04EC0-301F-11D3-BF4B-00C04F79EFBC}") = "Tests.Data", "Tests.Data\Tests.Data.csproj", "{63FA39BB-6BB5-44ED-85E1-0844B05852A7}"
EndProject
Global
	GlobalSection(SolutionConfigurationPlatforms) = preSolution
		Debug|Any CPU = Debug|Any CPU
		Release|Any CPU = Release|Any CPU
	EndGlobalSection
	GlobalSection(ProjectConfigurationPlatforms) = postSolution
		{9AA9200E-8932-4DAE-A512-E975B2BEDBDC}.Debug|Any CPU.ActiveCfg = Debug|Any CPU
		{9AA9200E-8932-4DAE-A512-E975B2BEDBDC}.Debug|Any CPU.Build.0 = Debug|Any CPU
		{9AA9200E-8932-4DAE-A512-E975B2BEDBDC}.Release|Any CPU.ActiveCfg = Release|Any CPU
		{9AA9200E-8932-4DAE-A512-E975B2BEDBDC}.Release|Any CPU.Build.0 = Release|Any CPU
		{63FA39BB-6BB5-44ED-85E1-0844B05852A7}.Debug|Any CPU.ActiveCfg = Debug|Any CPU
		{63FA39BB-6BB5-44ED-85E1-0844B05852A7}.Debug|Any CPU.Build.0 = Debug|Any CPU
		{63FA39BB-6BB5-44ED-85E1-0844B05852A7}.Release|Any CPU.ActiveCfg = Release|Any CPU
		{63FA39BB-6BB5-44ED-85E1-0844B05852A7}.Release|Any CPU.Build.0 = Release|Any CPU
	EndGlobalSection
	GlobalSection(SolutionProperties) = preSolution
		HideSolutionNode = FALSE
	EndGlobalSection
	GlobalSection(ExtensibilityGlobals) = postSolution
		SolutionGuid = {FAA10E88-2644-4C83-AE1F-E410CAB137F3}
	EndGlobalSection
EndGlobal
